lockfileVersion: '9.0'

settings:
  autoInstallPeers: true
  excludeLinksFromLockfile: false

importers:

  .:
    dependencies:
      '@types/node':
        specifier: ^22.15.17
        version: 22.15.17
      '@types/react':
        specifier: ^19.1.3
        version: 19.1.3
      '@types/react-dom':
        specifier: ^19.1.3
        version: 19.1.3(@types/react@19.1.3)
      next:
        specifier: 14.2.28
        version: 14.2.28(react-dom@19.1.0(react@19.1.0))(react@19.1.0)
      react:
        specifier: ^19.1.0
        version: 19.1.0
      react-dom:
        specifier: ^19.1.0
        version: 19.1.0(react@19.1.0)
      tailwindcss:
        specifier: ^4.1.6
        version: 4.1.6
    devDependencies:
      postcss:
        specifier: ^8
        version: 8.5.3
      typescript:
        specifier: ^5
        version: 5.8.3

packages:

  '@next/env@14.2.28':
    resolution: {integrity: sha512-PAmWhJfJQlP+kxZwCjrVd9QnR5x0R3u0mTXTiZDgSd4h5LdXmjxCCWbN9kq6hkZBOax8Rm3xDW5HagWyJuT37g==}

  '@next/swc-darwin-arm64@14.2.28':
    resolution: {integrity: sha512-kzGChl9setxYWpk3H6fTZXXPFFjg7urptLq5o5ZgYezCrqlemKttwMT5iFyx/p1e/JeglTwDFRtb923gTJ3R1w==}
    engines: {node: '>= 10'}
    cpu: [arm64]
    os: [darwin]

  '@next/swc-darwin-x64@14.2.28':
    resolution: {integrity: sha512-z6FXYHDJlFOzVEOiiJ/4NG8aLCeayZdcRSMjPDysW297Up6r22xw6Ea9AOwQqbNsth8JNgIK8EkWz2IDwaLQcw==}
    engines: {node: '>= 10'}
    cpu: [x64]
    os: [darwin]

  '@next/swc-linux-arm64-gnu@14.2.28':
    resolution: {integrity: sha512-9ARHLEQXhAilNJ7rgQX8xs9aH3yJSj888ssSjJLeldiZKR4D7N08MfMqljk77fAwZsWwsrp8ohHsMvurvv9liQ==}
    engines: {node: '>= 10'}
    cpu: [arm64]
    os: [linux]

  '@next/swc-linux-arm64-musl@14.2.28':
    resolution: {integrity: sha512-p6gvatI1nX41KCizEe6JkF0FS/cEEF0u23vKDpl+WhPe/fCTBeGkEBh7iW2cUM0rvquPVwPWdiUR6Ebr/kQWxQ==}
    engines: {node: '>= 10'}
    cpu: [arm64]
    os: [linux]

  '@next/swc-linux-x64-gnu@14.2.28':
    resolution: {integrity: sha512-nsiSnz2wO6GwMAX2o0iucONlVL7dNgKUqt/mDTATGO2NY59EO/ZKnKEr80BJFhuA5UC1KZOMblJHWZoqIJddpA==}
    engines: {node: '>= 10'}
    cpu: [x64]
    os: [linux]

  '@next/swc-linux-x64-musl@14.2.28':
    resolution: {integrity: sha512-+IuGQKoI3abrXFqx7GtlvNOpeExUH1mTIqCrh1LGFf8DnlUcTmOOCApEnPJUSLrSbzOdsF2ho2KhnQoO0I1RDw==}
    engines: {node: '>= 10'}
    cpu: [x64]
    os: [linux]

  '@next/swc-win32-arm64-msvc@14.2.28':
    resolution: {integrity: sha512-l61WZ3nevt4BAnGksUVFKy2uJP5DPz2E0Ma/Oklvo3sGj9sw3q7vBWONFRgz+ICiHpW5mV+mBrkB3XEubMrKaA==}
    engines: {node: '>= 10'}
    cpu: [arm64]
    os: [win32]

  '@next/swc-win32-ia32-msvc@14.2.28':
    resolution: {integrity: sha512-+Kcp1T3jHZnJ9v9VTJ/yf1t/xmtFAc/Sge4v7mVc1z+NYfYzisi8kJ9AsY8itbgq+WgEwMtOpiLLJsUy2qnXZw==}
    engines: {node: '>= 10'}
    cpu: [ia32]
    os: [win32]

  '@next/swc-win32-x64-msvc@14.2.28':
    resolution: {integrity: sha512-1gCmpvyhz7DkB1srRItJTnmR2UwQPAUXXIg9r0/56g3O8etGmwlX68skKXJOp9EejW3hhv7nSQUJ2raFiz4MoA==}
    engines: {node: '>= 10'}
    cpu: [x64]
    os: [win32]

  '@swc/counter@0.1.3':
    resolution: {integrity: sha512-e2BR4lsJkkRlKZ/qCHPw9ZaSxc0MVUd7gtbtaB7aMvHeJVYe8sOB8DBZkP2DtISHGSku9sCK6T6cnY0CtXrOCQ==}

  '@swc/helpers@0.5.5':
    resolution: {integrity: sha512-KGYxvIOXcceOAbEk4bi/dVLEK9z8sZ0uBB3Il5b1rhfClSpcX0yfRO0KmTkqR2cnQDymwLB+25ZyMzICg/cm/A==}

  '@types/node@22.15.17':
    resolution: {integrity: sha512-wIX2aSZL5FE+MR0JlvF87BNVrtFWf6AE6rxSE9X7OwnVvoyCQjpzSRJ+M87se/4QCkCiebQAqrJ0y6fwIyi7nw==}

  '@types/react-dom@19.1.3':
    resolution: {integrity: sha512-rJXC08OG0h3W6wDMFxQrZF00Kq6qQvw0djHRdzl3U5DnIERz0MRce3WVc7IS6JYBwtaP/DwYtRRjVlvivNveKg==}
    peerDependencies:
      '@types/react': ^19.0.0

  '@types/react@19.1.3':
    resolution: {integrity: sha512-dLWQ+Z0CkIvK1J8+wrDPwGxEYFA4RAyHoZPxHVGspYmFVnwGSNT24cGIhFJrtfRnWVuW8X7NO52gCXmhkVUWGQ==}

  busboy@1.6.0:
    resolution: {integrity: sha512-8SFQbg/0hQ9xy3UNTB0YEnsNBbWfhf7RtnzpL7TkBiTBRfrQ9Fxcnz7VJsleJpyp6rVLvXiuORqjlHi5q+PYuA==}
    engines: {node: '>=10.16.0'}

  caniuse-lite@1.0.30001717:
    resolution: {integrity: sha512-auPpttCq6BDEG8ZAuHJIplGw6GODhjw+/11e7IjpnYCxZcW/ONgPs0KVBJ0d1bY3e2+7PRe5RCLyP+PfwVgkYw==}

  client-only@0.0.1:
    resolution: {integrity: sha512-IV3Ou0jSMzZrd3pZ48nLkT9DA7Ag1pnPzaiQhpW7c3RbcqqzvzzVu+L8gfqMp/8IM2MQtSiqaCxrrcfu8I8rMA==}

  csstype@3.1.3:
    resolution: {integrity: sha512-M1uQkMl8rQK/szD0LNhtqxIPLpimGm8sOBwU7lLnCpSbTyY3yeU1Vc7l4KT5zT4s/yOxHH5O7tIuuLOCnLADRw==}

  graceful-fs@4.2.11:
    resolution: {integrity: sha512-RbJ5/jmFcNNCcDV5o9eTnBLJ/HszWV0P73bc+Ff4nS/rJj+YaS6IGyiOL0VoBYX+l1Wrl3k63h/KrH+nhJ0XvQ==}

  nanoid@3.3.11:
    resolution: {integrity: sha512-N8SpfPUnUp1bK+PMYW8qSWdl9U+wwNWI4QKxOYDy9JAro3WMX7p2OeVRF9v+347pnakNevPmiHhNmZ2HbFA76w==}
    engines: {node: ^10 || ^12 || ^13.7 || ^14 || >=15.0.1}
    hasBin: true

  next@14.2.28:
    resolution: {integrity: sha512-QLEIP/kYXynIxtcKB6vNjtWLVs3Y4Sb+EClTC/CSVzdLD1gIuItccpu/n1lhmduffI32iPGEK2cLLxxt28qgYA==}
    engines: {node: '>=18.17.0'}
    hasBin: true
    peerDependencies:
      '@opentelemetry/api': ^1.1.0
      '@playwright/test': ^1.41.2
      react: ^18.2.0
      react-dom: ^18.2.0
      sass: ^1.3.0
    peerDependenciesMeta:
      '@opentelemetry/api':
        optional: true
      '@playwright/test':
        optional: true
      sass:
        optional: true

  picocolors@1.1.1:
    resolution: {integrity: sha512-xceH2snhtb5M9liqDsmEw56le376mTZkEX/jEb/RxNFyegNul7eNslCXP9FDj/Lcu0X8KEyMceP2ntpaHrDEVA==}

  postcss@8.4.31:
    resolution: {integrity: sha512-PS08Iboia9mts/2ygV3eLpY5ghnUcfLV/EXTOW1E2qYxJKGGBUtNjN76FYHnMs36RmARn41bC0AZmn+rR0OVpQ==}
    engines: {node: ^10 || ^12 || >=14}

  postcss@8.5.3:
    resolution: {integrity: sha512-dle9A3yYxlBSrt8Fu+IpjGT8SY8hN0mlaA6GY8t0P5PjIOZemULz/E2Bnm/2dcUOena75OTNkHI76uZBNUUq3A==}
    engines: {node: ^10 || ^12 || >=14}

  react-dom@19.1.0:
    resolution: {integrity: sha512-Xs1hdnE+DyKgeHJeJznQmYMIBG3TKIHJJT95Q58nHLSrElKlGQqDTR2HQ9fx5CN/Gk6Vh/kupBTDLU11/nDk/g==}
    peerDependencies:
      react: ^19.1.0

  react@19.1.0:
    resolution: {integrity: sha512-FS+XFBNvn3GTAWq26joslQgWNoFu08F4kl0J4CgdNKADkdSGXQyTCnKteIAJy96Br6YbpEU1LSzV5dYtjMkMDg==}
    engines: {node: '>=0.10.0'}

  scheduler@0.26.0:
    resolution: {integrity: sha512-NlHwttCI/l5gCPR3D1nNXtWABUmBwvZpEQiD4IXSbIDq8BzLIK/7Ir5gTFSGZDUu37K5cMNp0hFtzO38sC7gWA==}

  source-map-js@1.2.1:
    resolution: {integrity: sha512-UXWMKhLOwVKb728IUtQPXxfYU+usdybtUrK/8uGE8CQMvrhOpwvzDBwj0QhSL7MQc7vIsISBG8VQ8+IDQxpfQA==}
    engines: {node: '>=0.10.0'}

  streamsearch@1.1.0:
    resolution: {integrity: sha512-Mcc5wHehp9aXz1ax6bZUyY5afg9u2rv5cqQI3mRrYkGC8rW2hM02jWuwjtL++LS5qinSyhj2QfLyNsuc+VsExg==}
    engines: {node: '>=10.0.0'}

  styled-jsx@5.1.1:
    resolution: {integrity: sha512-pW7uC1l4mBZ8ugbiZrcIsiIvVx1UmTfw7UkC3Um2tmfUq9Bhk8IiyEIPl6F8agHgjzku6j0xQEZbfA5uSgSaCw==}
    engines: {node: '>= 12.0.0'}
    peerDependencies:
      '@babel/core': '*'
      babel-plugin-macros: '*'
      react: '>= 16.8.0 || 17.x.x || ^18.0.0-0'
    peerDependenciesMeta:
      '@babel/core':
        optional: true
      babel-plugin-macros:
        optional: true

  tailwindcss@4.1.6:
    resolution: {integrity: sha512-j0cGLTreM6u4OWzBeLBpycK0WIh8w7kSwcUsQZoGLHZ7xDTdM69lN64AgoIEEwFi0tnhs4wSykUa5YWxAzgFYg==}

  tslib@2.8.1:
    resolution: {integrity: sha512-oJFu94HQb+KVduSUQL7wnpmqnfmLsOA/nAh6b6EH0wCEoK0/mPeXU6c3wKDV83MkOuHPRHtSXKKU99IBazS/2w==}

  typescript@5.8.3:
    resolution: {integrity: sha512-p1diW6TqL9L07nNxvRMM7hMMw4c5XOo/1ibL4aAIGmSAt9slTE1Xgw5KWuof2uTOvCg9BY7ZRi+GaF+7sfgPeQ==}
    engines: {node: '>=14.17'}
    hasBin: true

  undici-types@6.21.0:
    resolution: {integrity: sha512-iwDZqg0QAGrg9Rav5H4n0M64c3mkR59cJ6wQp+7C4nI0gsmExaedaYLNO44eT4AtBBwjbTiGPMlt2Md0T9H9JQ==}

snapshots:

  '@next/env@14.2.28': {}

  '@next/swc-darwin-arm64@14.2.28':
    optional: true

  '@next/swc-darwin-x64@14.2.28':
    optional: true

  '@next/swc-linux-arm64-gnu@14.2.28':
    optional: true

  '@next/swc-linux-arm64-musl@14.2.28':
    optional: true

  '@next/swc-linux-x64-gnu@14.2.28':
    optional: true

  '@next/swc-linux-x64-musl@14.2.28':
    optional: true

  '@next/swc-win32-arm64-msvc@14.2.28':
    optional: true

  '@next/swc-win32-ia32-msvc@14.2.28':
    optional: true

  '@next/swc-win32-x64-msvc@14.2.28':
    optional: true

  '@swc/counter@0.1.3': {}

  '@swc/helpers@0.5.5':
    dependencies:
      '@swc/counter': 0.1.3
      tslib: 2.8.1

  '@types/node@22.15.17':
    dependencies:
      undici-types: 6.21.0

  '@types/react-dom@19.1.3(@types/react@19.1.3)':
    dependencies:
      '@types/react': 19.1.3

  '@types/react@19.1.3':
    dependencies:
      csstype: 3.1.3

  busboy@1.6.0:
    dependencies:
      streamsearch: 1.1.0

  caniuse-lite@1.0.30001717: {}

  client-only@0.0.1: {}

  csstype@3.1.3: {}

  graceful-fs@4.2.11: {}

  nanoid@3.3.11: {}

  next@14.2.28(react-dom@19.1.0(react@19.1.0))(react@19.1.0):
    dependencies:
      '@next/env': 14.2.28
      '@swc/helpers': 0.5.5
      busboy: 1.6.0
      caniuse-lite: 1.0.30001717
      graceful-fs: 4.2.11
      postcss: 8.4.31
      react: 19.1.0
      react-dom: 19.1.0(react@19.1.0)
      styled-jsx: 5.1.1(react@19.1.0)
    optionalDependencies:
      '@next/swc-darwin-arm64': 14.2.28
      '@next/swc-darwin-x64': 14.2.28
      '@next/swc-linux-arm64-gnu': 14.2.28
      '@next/swc-linux-arm64-musl': 14.2.28
      '@next/swc-linux-x64-gnu': 14.2.28
      '@next/swc-linux-x64-musl': 14.2.28
      '@next/swc-win32-arm64-msvc': 14.2.28
      '@next/swc-win32-ia32-msvc': 14.2.28
      '@next/swc-win32-x64-msvc': 14.2.28
    transitivePeerDependencies:
      - '@babel/core'
      - babel-plugin-macros

  picocolors@1.1.1: {}

  postcss@8.4.31:
    dependencies:
      nanoid: 3.3.11
      picocolors: 1.1.1
      source-map-js: 1.2.1

  postcss@8.5.3:
    dependencies:
      nanoid: 3.3.11
      picocolors: 1.1.1
      source-map-js: 1.2.1

  react-dom@19.1.0(react@19.1.0):
    dependencies:
      react: 19.1.0
      scheduler: 0.26.0

  react@19.1.0: {}

  scheduler@0.26.0: {}

  source-map-js@1.2.1: {}

  streamsearch@1.1.0: {}

  styled-jsx@5.1.1(react@19.1.0):
    dependencies:
      client-only: 0.0.1
      react: 19.1.0

  tailwindcss@4.1.6: {}

  tslib@2.8.1: {}

  typescript@5.8.3: {}

  undici-types@6.21.0: {}
